# This file is generated by running "yarn install" inside your project.
# Manual changes might be lost - proceed with caution!

__metadata:
  version: 6

"create-uniux-app@workspace:.":
  version: 0.0.0-use.local
  resolution: "create-uniux-app@workspace:."
  bin:
    create-uniux-app: ./index.js
  languageName: unknown
  linkType: soft
